// !$*UTF8*$!
{
	archiveVersion = 1;
	classes = {
	};
	objectVersion = 46;
	objects = {

/* Begin PBXBuildFile section */
		841AE98A1CF5AE7000560403 /* AppDelegate.swift in Sources */ = {isa = PBXBuildFile; fileRef = 841AE9891CF5AE7000560403 /* AppDelegate.swift */; };
		841AE98C1CF5AE7000560403 /* ViewController.swift in Sources */ = {isa = PBXBuildFile; fileRef = 841AE98B1CF5AE7000560403 /* ViewController.swift */; };
		841AE98F1CF5AE7000560403 /* Main.storyboard in Resources */ = {isa = PBXBuildFile; fileRef = 841AE98D1CF5AE7000560403 /* Main.storyboard */; };
		841AE9911CF5AE7000560403 /* Assets.xcassets in Resources */ = {isa = PBXBuildFile; fileRef = 841AE9901CF5AE7000560403 /* Assets.xcassets */; };
		841AE99D1CF5AEB800560403 /* Launch Screen.storyboard in Resources */ = {isa = PBXBuildFile; fileRef = 841AE99C1CF5AEB800560403 /* Launch Screen.storyboard */; };
		841AE99F1CF5B0CE00560403 /* GoogleService-Info.plist in Resources */ = {isa = PBXBuildFile; fileRef = 841AE99E1CF5B0CE00560403 /* GoogleService-Info.plist */; };
		D8EDBC8CDF597DFB7AA790F1 /* Pods_FriendlyChat.framework in Frameworks */ = {isa = PBXBuildFile; fileRef = F95167148EDE2195DBB0CE2C /* Pods_FriendlyChat.framework */; };
/* End PBXBuildFile section */

/* Begin PBXFileReference section */
		5405CAD6816074107B6EE7BF /* Pods-FriendlyChat.debug.xcconfig */ = {isa = PBXFileReference; includeInIndex = 1; lastKnownFileType = text.xcconfig; name = "Pods-FriendlyChat.debug.xcconfig"; path = "Pods/Target Support Files/Pods-FriendlyChat/Pods-FriendlyChat.debug.xcconfig"; sourceTree = "<group>"; };
		841AE9861CF5AE7000560403 /* FriendlyChat.app */ = {isa = PBXFileReference; explicitFileType = wrapper.application; includeInIndex = 0; path = FriendlyChat.app; sourceTree = BUILT_PRODUCTS_DIR; };
		841AE9891CF5AE7000560403 /* AppDelegate.swift */ = {isa = PBXFileReference; lastKnownFileType = sourcecode.swift; path = AppDelegate.swift; sourceTree = "<group>"; };
		841AE98B1CF5AE7000560403 /* ViewController.swift */ = {isa = PBXFileReference; lastKnownFileType = sourcecode.swift; path = ViewController.swift; sourceTree = "<group>"; };
		841AE98E1CF5AE7000560403 /* Base */ = {isa = PBXFileReference; lastKnownFileType = file.storyboard; name = Base; path = Base.lproj/Main.storyboard; sourceTree = "<group>"; };
		841AE9901CF5AE7000560403 /* Assets.xcassets */ = {isa = PBXFileReference; lastKnownFileType = folder.assetcatalog; path = Assets.xcassets; sourceTree = "<group>"; };
		841AE9951CF5AE7000560403 /* Info.plist */ = {isa = PBXFileReference; lastKnownFileType = text.plist.xml; path = Info.plist; sourceTree = "<group>"; };
		841AE99C1CF5AEB800560403 /* Launch Screen.storyboard */ = {isa = PBXFileReference; fileEncoding = 4; lastKnownFileType = file.storyboard; path = "Launch Screen.storyboard"; sourceTree = "<group>"; };
		841AE99E1CF5B0CE00560403 /* GoogleService-Info.plist */ = {isa = PBXFileReference; fileEncoding = 4; lastKnownFileType = text.plist.xml; path = "GoogleService-Info.plist"; sourceTree = "<group>"; };
		EA73081FA016A19087616B63 /* Pods-FriendlyChat.release.xcconfig */ = {isa = PBXFileReference; includeInIndex = 1; lastKnownFileType = text.xcconfig; name = "Pods-FriendlyChat.release.xcconfig"; path = "Pods/Target Support Files/Pods-FriendlyChat/Pods-FriendlyChat.release.xcconfig"; sourceTree = "<group>"; };
		F95167148EDE2195DBB0CE2C /* Pods_FriendlyChat.framework */ = {isa = PBXFileReference; explicitFileType = wrapper.framework; includeInIndex = 0; path = Pods_FriendlyChat.framework; sourceTree = BUILT_PRODUCTS_DIR; };
/* End PBXFileReference section */

/* Begin PBXFrameworksBuildPhase section */
		841AE9831CF5AE7000560403 /* Frameworks */ = {
			isa = PBXFrameworksBuildPhase;
			buildActionMask = 2147483647;
			files = (
				D8EDBC8CDF597DFB7AA790F1 /* Pods_FriendlyChat.framework in Frameworks */,
			);
			runOnlyForDeploymentPostprocessing = 0;
		};
/* End PBXFrameworksBuildPhase section */

/* Begin PBXGroup section */
		21551C44CD1B3735EE0FBC03 /* Pods */ = {
			isa = PBXGroup;
			children = (
				5405CAD6816074107B6EE7BF /* Pods-FriendlyChat.debug.xcconfig */,
				EA73081FA016A19087616B63 /* Pods-FriendlyChat.release.xcconfig */,
			);
			name = Pods;
			sourceTree = "<group>";
		};
		8373F5B96D0B492312834DBF /* Frameworks */ = {
			isa = PBXGroup;
			children = (
				F95167148EDE2195DBB0CE2C /* Pods_FriendlyChat.framework */,
			);
			name = Frameworks;
			sourceTree = "<group>";
		};
		841AE97D1CF5AE7000560403 = {
			isa = PBXGroup;
			children = (
				841AE9881CF5AE7000560403 /* FriendlyChat */,
				841AE9871CF5AE7000560403 /* Products */,
				21551C44CD1B3735EE0FBC03 /* Pods */,
				8373F5B96D0B492312834DBF /* Frameworks */,
			);
			sourceTree = "<group>";
		};
		841AE9871CF5AE7000560403 /* Products */ = {
			isa = PBXGroup;
			children = (
				841AE9861CF5AE7000560403 /* FriendlyChat.app */,
			);
			name = Products;
			sourceTree = "<group>";
		};
		841AE9881CF5AE7000560403 /* FriendlyChat */ = {
			isa = PBXGroup;
			children = (
				841AE98B1CF5AE7000560403 /* ViewController.swift */,
				841AE98D1CF5AE7000560403 /* Main.storyboard */,
				841AE99B1CF5AE8600560403 /* Supported Files */,
			);
			path = FriendlyChat;
			sourceTree = "<group>";
		};
		841AE99B1CF5AE8600560403 /* Supported Files */ = {
			isa = PBXGroup;
			children = (
				841AE99E1CF5B0CE00560403 /* GoogleService-Info.plist */,
				841AE99C1CF5AEB800560403 /* Launch Screen.storyboard */,
				841AE9891CF5AE7000560403 /* AppDelegate.swift */,
				841AE9901CF5AE7000560403 /* Assets.xcassets */,
				841AE9951CF5AE7000560403 /* Info.plist */,
			);
			name = "Supported Files";
			sourceTree = "<group>";
		};
/* End PBXGroup section */

/* Begin PBXNativeTarget section */
		841AE9851CF5AE7000560403 /* FriendlyChat */ = {
			isa = PBXNativeTarget;
			buildConfigurationList = 841AE9981CF5AE7000560403 /* Build configuration list for PBXNativeTarget "FriendlyChat" */;
			buildPhases = (
				2F1CD62152E3159FA6C66E2B /* 📦 Check Pods Manifest.lock */,
				841AE9821CF5AE7000560403 /* Sources */,
				841AE9831CF5AE7000560403 /* Frameworks */,
				841AE9841CF5AE7000560403 /* Resources */,
				A312853148A679E0802B8010 /* 📦 Embed Pods Frameworks */,
				56A8767255F48DA0B01AFCEA /* 📦 Copy Pods Resources */,
			);
			buildRules = (
			);
			dependencies = (
			);
			name = FriendlyChat;
			productName = FriendlyChat;
			productReference = 841AE9861CF5AE7000560403 /* FriendlyChat.app */;
			productType = "com.apple.product-type.application";
		};
/* End PBXNativeTarget section */

/* Begin PBXProject section */
		841AE97E1CF5AE7000560403 /* Project object */ = {
			isa = PBXProject;
			attributes = {
				LastSwiftUpdateCheck = 0730;
				LastUpgradeCheck = 0730;
				ORGANIZATIONNAME = Managam;
				TargetAttributes = {
					841AE9851CF5AE7000560403 = {
						CreatedOnToolsVersion = 7.3;
					};
				};
			};
			buildConfigurationList = 841AE9811CF5AE7000560403 /* Build configuration list for PBXProject "FriendlyChat" */;
			compatibilityVersion = "Xcode 3.2";
			developmentRegion = English;
			hasScannedForEncodings = 0;
			knownRegions = (
				en,
				Base,
			);
			mainGroup = 841AE97D1CF5AE7000560403;
			productRefGroup = 841AE9871CF5AE7000560403 /* Products */;
			projectDirPath = "";
			projectRoot = "";
			targets = (
				841AE9851CF5AE7000560403 /* FriendlyChat */,
			);
		};
/* End PBXProject section */

/* Begin PBXResourcesBuildPhase section */
		841AE9841CF5AE7000560403 /* Resources */ = {
			isa = PBXResourcesBuildPhase;
			buildActionMask = 2147483647;
			files = (
				841AE99D1CF5AEB800560403 /* Launch Screen.storyboard in Resources */,
				841AE99F1CF5B0CE00560403 /* GoogleService-Info.plist in Resources */,
				841AE9911CF5AE7000560403 /* Assets.xcassets in Resources */,
				841AE98F1CF5AE7000560403 /* Main.storyboard in Resources */,
			);
			runOnlyForDeploymentPostprocessing = 0;
		};
/* End PBXResourcesBuildPhase section */

/* Begin PBXShellScriptBuildPhase section */
		2F1CD62152E3159FA6C66E2B /* 📦 Check Pods Manifest.lock */ = {
			isa = PBXShellScriptBuildPhase;
			buildActionMask = 2147483647;
			files = (
			);
			inputPaths = (
			);
			name = "📦 Check Pods Manifest.lock";
			outputPaths = (
			);
			runOnlyForDeploymentPostprocessing = 0;
			shellPath = /bin/sh;
			shellScript = "diff \"${PODS_ROOT}/../Podfile.lock\" \"${PODS_ROOT}/Manifest.lock\" > /dev/null\nif [[ $? != 0 ]] ; then\n    cat << EOM\nerror: The sandbox is not in sync with the Podfile.lock. Run 'pod install' or update your CocoaPods installation.\nEOM\n    exit 1\nfi\n";
			showEnvVarsInLog = 0;
		};
		56A8767255F48DA0B01AFCEA /* 📦 Copy Pods Resources */ = {
			isa = PBXShellScriptBuildPhase;
			buildActionMask = 2147483647;
			files = (
			);
			inputPaths = (
			);
			name = "📦 Copy Pods Resources";
			outputPaths = (
			);
			runOnlyForDeploymentPostprocessing = 0;
			shellPath = /bin/sh;
			shellScript = "\"${SRCROOT}/Pods/Target Support Files/Pods-FriendlyChat/Pods-FriendlyChat-resources.sh\"\n";
			showEnvVarsInLog = 0;
		};
		A312853148A679E0802B8010 /* 📦 Embed Pods Frameworks */ = {
			isa = PBXShellScriptBuildPhase;
			buildActionMask = 2147483647;
			files = (
			);
			inputPaths = (
			);
			name = "📦 Embed Pods Frameworks";
			outputPaths = (
			);
			runOnlyForDeploymentPostprocessing = 0;
			shellPath = /bin/sh;
			shellScript = "\"${SRCROOT}/Pods/Target Support Files/Pods-FriendlyChat/Pods-FriendlyChat-frameworks.sh\"\n";
			showEnvVarsInLog = 0;
		};
/* End PBXShellScriptBuildPhase section */

/* Begin PBXSourcesBuildPhase section */
		841AE9821CF5AE7000560403 /* Sources */ = {
			isa = PBXSourcesBuildPhase;
			buildActionMask = 2147483647;
			files = (
				841AE98C1CF5AE7000560403 /* ViewController.swift in Sources */,
				841AE98A1CF5AE7000560403 /* AppDelegate.swift in Sources */,
			);
			runOnlyForDeploymentPostprocessing = 0;
		};
/* End PBXSourcesBuildPhase section */

/* Begin PBXVariantGroup section */
		841AE98D1CF5AE7000560403 /* Main.storyboard */ = {
			isa = PBXVariantGroup;
			children = (
				841AE98E1CF5AE7000560403 /* Base */,
			);
			name = Main.storyboard;
			sourceTree = "<group>";
		};
/* End PBXVariantGroup section */

/* Begin XCBuildConfiguration section */
		841AE9961CF5AE7000560403 /* Debug */ = {
			isa = XCBuildConfiguration;
			buildSettings = {
				ALWAYS_SEARCH_USER_PATHS = NO;
				CLANG_ANALYZER_NONNULL = YES;
				CLANG_CXX_LANGUAGE_STANDARD = "gnu++0x";
				CLANG_CXX_LIBRARY = "libc++";
				CLANG_ENABLE_MODULES = YES;
				CLANG_ENABLE_OBJC_ARC = YES;
				CLANG_WARN_BOOL_CONVERSION = YES;
				CLANG_WARN_CONSTANT_CONVERSION = YES;
				CLANG_WARN_DIRECT_OBJC_ISA_USAGE = YES_ERROR;
				CLANG_WARN_EMPTY_BODY = YES;
				CLANG_WARN_ENUM_CONVERSION = YES;
				CLANG_WARN_INT_CONVERSION = YES;
				CLANG_WARN_OBJC_ROOT_CLASS = YES_ERROR;
				CLANG_WARN_UNREACHABLE_CODE = YES;
				CLANG_WARN__DUPLICATE_METHOD_MATCH = YES;
				"CODE_SIGN_IDENTITY[sdk=iphoneos*]" = "iPhone Developer";
				COPY_PHASE_STRIP = NO;
				DEBUG_INFORMATION_FORMAT = dwarf;
				ENABLE_STRICT_OBJC_MSGSEND = YES;
				ENABLE_TESTABILITY = YES;
				GCC_C_LANGUAGE_STANDARD = gnu99;
				GCC_DYNAMIC_NO_PIC = NO;
				GCC_NO_COMMON_BLOCKS = YES;
				GCC_OPTIMIZATION_LEVEL = 0;
				GCC_PREPROCESSOR_DEFINITIONS = (
					"DEBUG=1",
					"$(inherited)",
				);
				GCC_WARN_64_TO_32_BIT_CONVERSION = YES;
				GCC_WARN_ABOUT_RETURN_TYPE = YES_ERROR;
				GCC_WARN_UNDECLARED_SELECTOR = YES;
				GCC_WARN_UNINITIALIZED_AUTOS = YES_AGGRESSIVE;
				GCC_WARN_UNUSED_FUNCTION = YES;
				GCC_WARN_UNUSED_VARIABLE = YES;
				IPHONEOS_DEPLOYMENT_TARGET = 9.0;
				MTL_ENABLE_DEBUG_INFO = YES;
				ONLY_ACTIVE_ARCH = YES;
				SDKROOT = iphoneos;
				SWIFT_OPTIMIZATION_LEVEL = "-Onone";
				TARGETED_DEVICE_FAMILY = "1,2";
			};
			name = Debug;
		};
		841AE9971CF5AE7000560403 /* Release */ = {
			isa = XCBuildConfiguration;
			buildSettings = {
				ALWAYS_SEARCH_USER_PATHS = NO;
				CLANG_ANALYZER_NONNULL = YES;
				CLANG_CXX_LANGUAGE_STANDARD = "gnu++0x";
				CLANG_CXX_LIBRARY = "libc++";
				CLANG_ENABLE_MODULES = YES;
				CLANG_ENABLE_OBJC_ARC = YES;
				CLANG_WARN_BOOL_CONVERSION = YES;
				CLANG_WARN_CONSTANT_CONVERSION = YES;
				CLANG_WARN_DIRECT_OBJC_ISA_USAGE = YES_ERROR;
				CLANG_WARN_EMPTY_BODY = YES;
				CLANG_WARN_ENUM_CONVERSION = YES;
				CLANG_WARN_INT_CONVERSION = YES;
				CLANG_WARN_OBJC_ROOT_CLASS = YES_ERROR;
				CLANG_WARN_UNREACHABLE_CODE = YES;
				CLANG_WARN__DUPLICATE_METHOD_MATCH = YES;
				"CODE_SIGN_IDENTITY[sdk=iphoneos*]" = "iPhone Developer";
				COPY_PHASE_STRIP = NO;
				DEBUG_INFORMATION_FORMAT = "dwarf-with-dsym";
				ENABLE_NS_ASSERTIONS = NO;
				ENABLE_STRICT_OBJC_MSGSEND = YES;
				GCC_C_LANGUAGE_STANDARD = gnu99;
				GCC_NO_COMMON_BLOCKS = YES;
				GCC_WARN_64_TO_32_BIT_CONVERSION = YES;
				GCC_WARN_ABOUT_RETURN_TYPE = YES_ERROR;
				GCC_WARN_UNDECLARED_SELECTOR = YES;
				GCC_WARN_UNINITIALIZED_AUTOS = YES_AGGRESSIVE;
				GCC_WARN_UNUSED_FUNCTION = YES;
				GCC_WARN_UNUSED_VARIABLE = YES;
				IPHONEOS_DEPLOYMENT_TARGET = 9.0;
				MTL_ENABLE_DEBUG_INFO = NO;
				SDKROOT = iphoneos;
				TARGETED_DEVICE_FAMILY = "1,2";
				VALIDATE_PRODUCT = YES;
			};
			name = Release;
		};
		841AE9991CF5AE7000560403 /* Debug */ = {
			isa = XCBuildConfiguration;
			baseConfigurationReference = 5405CAD6816074107B6EE7BF /* Pods-FriendlyChat.debug.xcconfig */;
			buildSettings = {
				ASSETCATALOG_COMPILER_APPICON_NAME = AppIcon;
				INFOPLIST_FILE = FriendlyChat/Info.plist;
				IPHONEOS_DEPLOYMENT_TARGET = 9.0;
				LD_RUNPATH_SEARCH_PATHS = "$(inherited) @executable_path/Frameworks";
				PRODUCT_BUNDLE_IDENTIFIER = com.managam.FriendlyChat;
				PRODUCT_NAME = "$(TARGET_NAME)";
			};
			name = Debug;
		};
		841AE99A1CF5AE7000560403 /* Release */ = {
			isa = XCBuildConfiguration;
			baseConfigurationReference = EA73081FA016A19087616B63 /* Pods-FriendlyChat.release.xcconfig */;
			buildSettings = {
				ASSETCATALOG_COMPILER_APPICON_NAME = AppIcon;
				INFOPLIST_FILE = FriendlyChat/Info.plist;
				IPHONEOS_DEPLOYMENT_TARGET = 9.0;
				LD_RUNPATH_SEARCH_PATHS = "$(inherited) @executable_path/Frameworks";
				PRODUCT_BUNDLE_IDENTIFIER = com.managam.FriendlyChat;
				PRODUCT_NAME = "$(TARGET_NAME)";
			};
			name = Release;
		};
/* End XCBuildConfiguration section */

/* Begin XCConfigurationList section */
		841AE9811CF5AE7000560403 /* Build configuration list for PBXProject "FriendlyChat" */ = {
			isa = XCConfigurationList;
			buildConfigurations = (
				841AE9961CF5AE7000560403 /* Debug */,
				841AE9971CF5AE7000560403 /* Release */,
			);
			defaultConfigurationIsVisible = 0;
			defaultConfigurationName = Release;
		};
		841AE9981CF5AE7000560403 /* Build configuration list for PBXNativeTarget "FriendlyChat" */ = {
			isa = XCConfigurationList;
			buildConfigurations = (
				841AE9991CF5AE7000560403 /* Debug */,
				841AE99A1CF5AE7000560403 /* Release */,
			);
			defaultConfigurationIsVisible = 0;
			defaultConfigurationName = Release;
		};
/* End XCConfigurationList section */
	};
	rootObject = 841AE97E1CF5AE7000560403 /* Project object */;
}
